
Microsoft Visual Studio Solution File, Format Version 12.00
# Visual Studio Version 16
VisualStudioVersion = 16.0.30907.101
MinimumVisualStudioVersion = 10.0.40219.1
Project("{9A19103F-16F7-4668-BE54-9A1E7A4F7556}") = "Pro-C-Sharp-Chapter6", "Pro-C-Sharp-Chapter6\Pro-C-Sharp-Chapter6.csproj", "{2A746EB4-5569-4705-AB16-EE93643BE58B}"
EndProject
Project("{9A19103F-16F7-4668-BE54-9A1E7A4F7556}") = "Pro-C-Sharp-Chapter7", "Pro-C-Sharp-Chapter7\Pro-C-Sharp-Chapter7.csproj", "{9030C072-B587-4FE8-96C7-50B917AD14E5}"
EndProject
Project("{9A19103F-16F7-4668-BE54-9A1E7A4F7556}") = "Pro-C-Sharp-Chapter8", "Pro-C-Sharp-Chapter8\Pro-C-Sharp-Chapter8.csproj", "{4990A388-A50B-4AFD-BE4B-8B08430093AD}"
EndProject
Project("{9A19103F-16F7-4668-BE54-9A1E7A4F7556}") = "Pro-C-Sharp-Chapter9", "Pro-C-Sharp-Chapter9\Pro-C-Sharp-Chapter9.csproj", "{5ECAD0AE-0D3D-40F5-A2B9-F8A6FA96A774}"
EndProject
Project("{9A19103F-16F7-4668-BE54-9A1E7A4F7556}") = "Pro-C-Sharp-Chapter10", "Pro-C-Sharp-Chapter10\Pro-C-Sharp-Chapter10.csproj", "{7E6E17CC-BCA3-477D-AA7B-EB9AE283B9A7}"
EndProject
Project("{9A19103F-16F7-4668-BE54-9A1E7A4F7556}") = "Pro-C-Sharp-Chapter11", "Pro-C-Sharp-Chapter11\Pro-C-Sharp-Chapter11.csproj", "{C4A37AB2-B63B-488B-B461-B590E54F01C8}"
EndProject
Project("{9A19103F-16F7-4668-BE54-9A1E7A4F7556}") = "Pro-C-Sharp-Chapter12", "Pro-C-Sharp-Chapter12\Pro-C-Sharp-Chapter12.csproj", "{5623B8BF-FA54-403B-986A-15A41EFC734D}"
EndProject
Project("{9A19103F-16F7-4668-BE54-9A1E7A4F7556}") = "Pro-C-Sharp-Chapter13", "Pro-C-Sharp-Chapter13\Pro-C-Sharp-Chapter13.csproj", "{3BB0BE64-5938-4A46-BF90-BEF1AABEEDBA}"
EndProject
Project("{9A19103F-16F7-4668-BE54-9A1E7A4F7556}") = "Pro-C-Sharp-Chapter14", "Pro-C-Sharp-Chapter14\Pro-C-Sharp-Chapter14.csproj", "{0B70E4E1-00B8-4C08-ABAE-59D79C4EAD10}"
EndProject
Global
	GlobalSection(SolutionConfigurationPlatforms) = preSolution
		Debug|Any CPU = Debug|Any CPU
		Release|Any CPU = Release|Any CPU
	EndGlobalSection
	GlobalSection(ProjectConfigurationPlatforms) = postSolution
		{2A746EB4-5569-4705-AB16-EE93643BE58B}.Debug|Any CPU.ActiveCfg = Debug|Any CPU
		{2A746EB4-5569-4705-AB16-EE93643BE58B}.Debug|Any CPU.Build.0 = Debug|Any CPU
		{2A746EB4-5569-4705-AB16-EE93643BE58B}.Release|Any CPU.ActiveCfg = Release|Any CPU
		{2A746EB4-5569-4705-AB16-EE93643BE58B}.Release|Any CPU.Build.0 = Release|Any CPU
		{9030C072-B587-4FE8-96C7-50B917AD14E5}.Debug|Any CPU.ActiveCfg = Debug|Any CPU
		{9030C072-B587-4FE8-96C7-50B917AD14E5}.Debug|Any CPU.Build.0 = Debug|Any CPU
		{9030C072-B587-4FE8-96C7-50B917AD14E5}.Release|Any CPU.ActiveCfg = Release|Any CPU
		{9030C072-B587-4FE8-96C7-50B917AD14E5}.Release|Any CPU.Build.0 = Release|Any CPU
		{4990A388-A50B-4AFD-BE4B-8B08430093AD}.Debug|Any CPU.ActiveCfg = Debug|Any CPU
		{4990A388-A50B-4AFD-BE4B-8B08430093AD}.Debug|Any CPU.Build.0 = Debug|Any CPU
		{4990A388-A50B-4AFD-BE4B-8B08430093AD}.Release|Any CPU.ActiveCfg = Release|Any CPU
		{4990A388-A50B-4AFD-BE4B-8B08430093AD}.Release|Any CPU.Build.0 = Release|Any CPU
		{5ECAD0AE-0D3D-40F5-A2B9-F8A6FA96A774}.Debug|Any CPU.ActiveCfg = Debug|Any CPU
		{5ECAD0AE-0D3D-40F5-A2B9-F8A6FA96A774}.Debug|Any CPU.Build.0 = Debug|Any CPU
		{5ECAD0AE-0D3D-40F5-A2B9-F8A6FA96A774}.Release|Any CPU.ActiveCfg = Release|Any CPU
		{5ECAD0AE-0D3D-40F5-A2B9-F8A6FA96A774}.Release|Any CPU.Build.0 = Release|Any CPU
		{7E6E17CC-BCA3-477D-AA7B-EB9AE283B9A7}.Debug|Any CPU.ActiveCfg = Debug|Any CPU
		{7E6E17CC-BCA3-477D-AA7B-EB9AE283B9A7}.Debug|Any CPU.Build.0 = Debug|Any CPU
		{7E6E17CC-BCA3-477D-AA7B-EB9AE283B9A7}.Release|Any CPU.ActiveCfg = Release|Any CPU
		{7E6E17CC-BCA3-477D-AA7B-EB9AE283B9A7}.Release|Any CPU.Build.0 = Release|Any CPU
		{C4A37AB2-B63B-488B-B461-B590E54F01C8}.Debug|Any CPU.ActiveCfg = Debug|Any CPU
		{C4A37AB2-B63B-488B-B461-B590E54F01C8}.Debug|Any CPU.Build.0 = Debug|Any CPU
		{C4A37AB2-B63B-488B-B461-B590E54F01C8}.Release|Any CPU.ActiveCfg = Release|Any CPU
		{C4A37AB2-B63B-488B-B461-B590E54F01C8}.Release|Any CPU.Build.0 = Release|Any CPU
		{5623B8BF-FA54-403B-986A-15A41EFC734D}.Debug|Any CPU.ActiveCfg = Debug|Any CPU
		{5623B8BF-FA54-403B-986A-15A41EFC734D}.Debug|Any CPU.Build.0 = Debug|Any CPU
		{5623B8BF-FA54-403B-986A-15A41EFC734D}.Release|Any CPU.ActiveCfg = Release|Any CPU
		{5623B8BF-FA54-403B-986A-15A41EFC734D}.Release|Any CPU.Build.0 = Release|Any CPU
		{3BB0BE64-5938-4A46-BF90-BEF1AABEEDBA}.Debug|Any CPU.ActiveCfg = Debug|Any CPU
		{3BB0BE64-5938-4A46-BF90-BEF1AABEEDBA}.Debug|Any CPU.Build.0 = Debug|Any CPU
		{3BB0BE64-5938-4A46-BF90-BEF1AABEEDBA}.Release|Any CPU.ActiveCfg = Release|Any CPU
		{3BB0BE64-5938-4A46-BF90-BEF1AABEEDBA}.Release|Any CPU.Build.0 = Release|Any CPU
		{0B70E4E1-00B8-4C08-ABAE-59D79C4EAD10}.Debug|Any CPU.ActiveCfg = Debug|Any CPU
		{0B70E4E1-00B8-4C08-ABAE-59D79C4EAD10}.Debug|Any CPU.Build.0 = Debug|Any CPU
		{0B70E4E1-00B8-4C08-ABAE-59D79C4EAD10}.Release|Any CPU.ActiveCfg = Release|Any CPU
		{0B70E4E1-00B8-4C08-ABAE-59D79C4EAD10}.Release|Any CPU.Build.0 = Release|Any CPU
	EndGlobalSection
	GlobalSection(SolutionProperties) = preSolution
		HideSolutionNode = FALSE
	EndGlobalSection
	GlobalSection(ExtensibilityGlobals) = postSolution
		SolutionGuid = {1358CFFB-4B46-4B6A-9FFB-A4706C0EEE45}
	EndGlobalSection
EndGlobal
