
Microsoft Visual Studio Solution File, Format Version 12.00
# Visual Studio Version 16
VisualStudioVersion = 16.0.30907.101
MinimumVisualStudioVersion = 10.0.40219.1
Project("{FAE04EC0-301F-11D3-BF4B-00C04F79EFBC}") = "Pro-C-Sharp-Chapter5", "Pro-C-Sharp-Chapter5\Pro-C-Sharp-Chapter5.csproj", "{58598880-2A06-4801-84C3-8638F87D8DF7}"
EndProject
Global
	GlobalSection(SolutionConfigurationPlatforms) = preSolution
		Debug|Any CPU = Debug|Any CPU
		Release|Any CPU = Release|Any CPU
	EndGlobalSection
	GlobalSection(ProjectConfigurationPlatforms) = postSolution
		{58598880-2A06-4801-84C3-8638F87D8DF7}.Debug|Any CPU.ActiveCfg = Debug|Any CPU
		{58598880-2A06-4801-84C3-8638F87D8DF7}.Debug|Any CPU.Build.0 = Debug|Any CPU
		{58598880-2A06-4801-84C3-8638F87D8DF7}.Release|Any CPU.ActiveCfg = Release|Any CPU
		{58598880-2A06-4801-84C3-8638F87D8DF7}.Release|Any CPU.Build.0 = Release|Any CPU
	EndGlobalSection
	GlobalSection(SolutionProperties) = preSolution
		HideSolutionNode = FALSE
	EndGlobalSection
	GlobalSection(ExtensibilityGlobals) = postSolution
		SolutionGuid = {CC881B2D-37D8-4058-8B3B-08684A9B39C1}
	EndGlobalSection
EndGlobal
